
Microsoft Visual Studio Solution File, Format Version 12.00
# Visual Studio Version 16
VisualStudioVersion = 16.0.29324.140
MinimumVisualStudioVersion = 10.0.40219.1
Project("{FAE04EC0-301F-11D3-BF4B-00C04F79EFBC}") = "BuyTicket.UI", "BuyTicket.UI\BuyTicket.UI.csproj", "{68C851CE-6E78-496D-A2AE-54944C403F3F}"
EndProject
Project("{FAE04EC0-301F-11D3-BF4B-00C04F79EFBC}") = "BuyTicket.Services.Abstract", "BuyTicket.Services.Abstract\BuyTicket.Services.Abstract.csproj", "{3DF6636F-FB63-407B-B095-C1B1F6DCAC8A}"
EndProject
Project("{FAE04EC0-301F-11D3-BF4B-00C04F79EFBC}") = "BuyTicket.Services", "BuyTicket.Services\BuyTicket.Services.csproj", "{C80E6D55-F662-4EDE-A548-41243C13C439}"
EndProject
Project("{FAE04EC0-301F-11D3-BF4B-00C04F79EFBC}") = "BuyTicket.Domain", "BuyTicket.Domain\BuyTicket.Domain.csproj", "{6FA7BFD7-C9A1-414A-87C7-4F6D1345C1AA}"
EndProject
Project("{FAE04EC0-301F-11D3-BF4B-00C04F79EFBC}") = "BuyTicket.DataAccess.Abstract", "BuyTicket.DataAccess.Abstract\BuyTicket.DataAccess.Abstract.csproj", "{1D7B827B-95D9-4D39-9E9B-2E2266EDC10F}"
EndProject
Project("{FAE04EC0-301F-11D3-BF4B-00C04F79EFBC}") = "BuyTicket.DataAccess", "BuyTicket.DataAccess\BuyTicket.DataAccess.csproj", "{3445125E-2DC2-4A42-B1E1-A58511E8C7DF}"
EndProject
Global
	GlobalSection(SolutionConfigurationPlatforms) = preSolution
		Debug|Any CPU = Debug|Any CPU
		Release|Any CPU = Release|Any CPU
	EndGlobalSection
	GlobalSection(ProjectConfigurationPlatforms) = postSolution
		{68C851CE-6E78-496D-A2AE-54944C403F3F}.Debug|Any CPU.ActiveCfg = Debug|Any CPU
		{68C851CE-6E78-496D-A2AE-54944C403F3F}.Debug|Any CPU.Build.0 = Debug|Any CPU
		{68C851CE-6E78-496D-A2AE-54944C403F3F}.Release|Any CPU.ActiveCfg = Release|Any CPU
		{68C851CE-6E78-496D-A2AE-54944C403F3F}.Release|Any CPU.Build.0 = Release|Any CPU
		{3DF6636F-FB63-407B-B095-C1B1F6DCAC8A}.Debug|Any CPU.ActiveCfg = Debug|Any CPU
		{3DF6636F-FB63-407B-B095-C1B1F6DCAC8A}.Debug|Any CPU.Build.0 = Debug|Any CPU
		{3DF6636F-FB63-407B-B095-C1B1F6DCAC8A}.Release|Any CPU.ActiveCfg = Release|Any CPU
		{3DF6636F-FB63-407B-B095-C1B1F6DCAC8A}.Release|Any CPU.Build.0 = Release|Any CPU
		{C80E6D55-F662-4EDE-A548-41243C13C439}.Debug|Any CPU.ActiveCfg = Debug|Any CPU
		{C80E6D55-F662-4EDE-A548-41243C13C439}.Debug|Any CPU.Build.0 = Debug|Any CPU
		{C80E6D55-F662-4EDE-A548-41243C13C439}.Release|Any CPU.ActiveCfg = Release|Any CPU
		{C80E6D55-F662-4EDE-A548-41243C13C439}.Release|Any CPU.Build.0 = Release|Any CPU
		{6FA7BFD7-C9A1-414A-87C7-4F6D1345C1AA}.Debug|Any CPU.ActiveCfg = Debug|Any CPU
		{6FA7BFD7-C9A1-414A-87C7-4F6D1345C1AA}.Debug|Any CPU.Build.0 = Debug|Any CPU
		{6FA7BFD7-C9A1-414A-87C7-4F6D1345C1AA}.Release|Any CPU.ActiveCfg = Release|Any CPU
		{6FA7BFD7-C9A1-414A-87C7-4F6D1345C1AA}.Release|Any CPU.Build.0 = Release|Any CPU
		{1D7B827B-95D9-4D39-9E9B-2E2266EDC10F}.Debug|Any CPU.ActiveCfg = Debug|Any CPU
		{1D7B827B-95D9-4D39-9E9B-2E2266EDC10F}.Debug|Any CPU.Build.0 = Debug|Any CPU
		{1D7B827B-95D9-4D39-9E9B-2E2266EDC10F}.Release|Any CPU.ActiveCfg = Release|Any CPU
		{1D7B827B-95D9-4D39-9E9B-2E2266EDC10F}.Release|Any CPU.Build.0 = Release|Any CPU
		{3445125E-2DC2-4A42-B1E1-A58511E8C7DF}.Debug|Any CPU.ActiveCfg = Debug|Any CPU
		{3445125E-2DC2-4A42-B1E1-A58511E8C7DF}.Debug|Any CPU.Build.0 = Debug|Any CPU
		{3445125E-2DC2-4A42-B1E1-A58511E8C7DF}.Release|Any CPU.ActiveCfg = Release|Any CPU
		{3445125E-2DC2-4A42-B1E1-A58511E8C7DF}.Release|Any CPU.Build.0 = Release|Any CPU
	EndGlobalSection
	GlobalSection(SolutionProperties) = preSolution
		HideSolutionNode = FALSE
	EndGlobalSection
	GlobalSection(ExtensibilityGlobals) = postSolution
		SolutionGuid = {97DD0A39-6A70-4172-9556-EB06BBC742D4}
	EndGlobalSection
EndGlobal
